schema: '2.0'
stages:
  prepare_data:
    cmd: python src/prepare_data.py
    deps:
    - path: data/raw
      hash: md5
      md5: 7b09060ecdc917e10329b41be3536a4d.dir
      size: 73839
      nfiles: 1
    - path: src/prepare_data.py
      hash: md5
      md5: 09710ffa24e0b670b5805a6c690720f0
      size: 1207
    params:
      params.yaml:
        prepare_data:
          test_size: 0.2
          include_mega_evol: false
          max_generation: 9
    outs:
    - path: data/processed
      hash: md5
      md5: 267f611756a4158ac7059e61182c7d48.dir
      size: 56791
      nfiles: 4
  train:
    cmd: python src/train.py
    deps:
    - path: data/processed
      hash: md5
      md5: 267f611756a4158ac7059e61182c7d48.dir
      size: 56791
      nfiles: 4
    - path: src/train.py
      hash: md5
      md5: 41890051396982e573f6fe4c77c1538e
      size: 1523
    params:
      params.yaml:
        train:
          params:
            n_estimators: 12
            max_depth: -1
            class_weight:
    outs:
    - path: custom_plots/feat_importance.png
      hash: md5
      md5: b7830b8bb53e003eb7afff7211ee158d
      size: 22237
    - path: models/model.joblib
      hash: md5
      md5: 8bb6b5d00f668b7c62feb410590a896d
      size: 36678
  eval:
    cmd: python src/evaluate.py
    deps:
    - path: data/processed
      hash: md5
      md5: 267f611756a4158ac7059e61182c7d48.dir
      size: 56791
      nfiles: 4
    - path: models/model.joblib
      hash: md5
      md5: 8bb6b5d00f668b7c62feb410590a896d
      size: 36678
    - path: src/evaluate.py
      hash: md5
      md5: 11c9206f25a46164434a562708b76faf
      size: 1124
    outs:
    - path: metrics.json
      hash: md5
      md5: d837a320a27830ebca0d708648b654db
      size: 72
