schema: '2.0'
stages:
  prepare_data:
    cmd: python src/prepare_data.py
    deps:
    - path: data/raw
      hash: md5
      md5: 7b09060ecdc917e10329b41be3536a4d.dir
      size: 73839
      nfiles: 1
    - path: src/prepare_data.py
      hash: md5
      md5: a7385b4bc38668c5f59fb1536ab3fc53
      size: 1205
    params:
      params.yaml:
        prepare_data:
          test_size: 0.2
          include_mega_evol: false
          max_generation: 9
    outs:
    - path: data/processed
      hash: md5
      md5: 267f611756a4158ac7059e61182c7d48.dir
      size: 56791
      nfiles: 4
  train:
    cmd: python src/train.py
    deps:
    - path: data/processed
      hash: md5
      md5: 267f611756a4158ac7059e61182c7d48.dir
      size: 56791
      nfiles: 4
    - path: src/train.py
      hash: md5
      md5: b89dbd195ccb1762f81fad0d91e97702
      size: 1439
    params:
      params.yaml:
        train:
          params:
            n_estimators: 120
            max_depth: -1
            class_weight:
    outs:
    - path: models/model.joblib
      hash: md5
      md5: 33ace2564ab9db2cc6fc64e382526ee0
      size: 407878
    - path: plots/feat_importance.png
      hash: md5
      md5: 2d71a43def9af0c6c3fe0e2e84d3fc56
      size: 24070
  eval:
    cmd: python src/evaluate.py
    deps:
    - path: data/processed
      hash: md5
      md5: 267f611756a4158ac7059e61182c7d48.dir
      size: 56791
      nfiles: 4
    - path: models/model.joblib
      hash: md5
      md5: 33ace2564ab9db2cc6fc64e382526ee0
      size: 407878
    - path: src/evaluate.py
      hash: md5
      md5: 027869e02697a40fb28101c0b2ef6715
      size: 1304
    outs:
    - path: metrics.json
      hash: md5
      md5: 96c8045d19ab4563ea45e347377e9924
      size: 73
