schema: '2.0'
stages:
  prepare_data:
    cmd: python src/prepare_data.py
    deps:
    - path: data/raw
      hash: md5
      md5: 7b09060ecdc917e10329b41be3536a4d.dir
      size: 73839
      nfiles: 1
    - path: src/prepare_data.py
      hash: md5
      md5: 09710ffa24e0b670b5805a6c690720f0
      size: 1207
    params:
      params.yaml:
        prepare_data:
          test_size: 0.2
          include_mega_evol: false
          max_generation: 9
    outs:
    - path: data/processed
      hash: md5
      md5: 267f611756a4158ac7059e61182c7d48.dir
      size: 56791
      nfiles: 4
  train:
    cmd: python src/train.py
    deps:
    - path: data/processed
      hash: md5
      md5: 267f611756a4158ac7059e61182c7d48.dir
      size: 56791
      nfiles: 4
    - path: src/train.py
      hash: md5
      md5: 185bc442472a38a4019fc6a442fc8b79
      size: 1410
    params:
      params.yaml:
        train:
          params:
            n_estimators: 10
            max_depth: -1
            class_weight:
    outs:
    - path: custom_plots/feat_importance.png
      hash: md5
      md5: 512faffb694c7c5bb8e6132beb1d1b80
      size: 22832
    - path: models/model.joblib
      hash: md5
      md5: 0aba0b8dc483e35d58ad32bf03a6b123
      size: 30582
  eval:
    cmd: python src/evaluate.py
    deps:
    - path: data/processed
      hash: md5
      md5: 267f611756a4158ac7059e61182c7d48.dir
      size: 56791
      nfiles: 4
    - path: models/model.joblib
      hash: md5
      md5: 0aba0b8dc483e35d58ad32bf03a6b123
      size: 30582
    - path: src/evaluate.py
      hash: md5
      md5: ac5790a958ce06fbde35f6dc12f4547c
      size: 1158
    outs:
    - path: metrics.json
      hash: md5
      md5: d837a320a27830ebca0d708648b654db
      size: 72
